
Microsoft Visual Studio Solution File, Format Version 12.00
# Visual Studio Version 17
VisualStudioVersion = 17.12.35527.113 d17.12
MinimumVisualStudioVersion = 10.0.40219.1
Project("{FAE04EC0-301F-11D3-BF4B-00C04F79EFBC}") = "OnlineStore", "OnlineStore.csproj", "{CBA6DAF1-4B39-4CF7-92B9-B237A9B9E7B8}"
EndProject
Project("{FAE04EC0-301F-11D3-BF4B-00C04F79EFBC}") = "businessLayer", "..\businessLayer\businessLayer.csproj", "{DAA8681B-E253-4377-8BFE-D5991359972D}"
EndProject
Project("{FAE04EC0-301F-11D3-BF4B-00C04F79EFBC}") = "DataAccessLayer", "..\DataAccessLayer\DataAccessLayer.csproj", "{9BE80055-F6B2-4656-8C10-9FD377DCC4F3}"
EndProject
Global
	GlobalSection(SolutionConfigurationPlatforms) = preSolution
		Debug|Any CPU = Debug|Any CPU
		Release|Any CPU = Release|Any CPU
	EndGlobalSection
	GlobalSection(ProjectConfigurationPlatforms) = postSolution
		{CBA6DAF1-4B39-4CF7-92B9-B237A9B9E7B8}.Debug|Any CPU.ActiveCfg = Debug|Any CPU
		{CBA6DAF1-4B39-4CF7-92B9-B237A9B9E7B8}.Debug|Any CPU.Build.0 = Debug|Any CPU
		{CBA6DAF1-4B39-4CF7-92B9-B237A9B9E7B8}.Release|Any CPU.ActiveCfg = Release|Any CPU
		{CBA6DAF1-4B39-4CF7-92B9-B237A9B9E7B8}.Release|Any CPU.Build.0 = Release|Any CPU
		{DAA8681B-E253-4377-8BFE-D5991359972D}.Debug|Any CPU.ActiveCfg = Debug|Any CPU
		{DAA8681B-E253-4377-8BFE-D5991359972D}.Debug|Any CPU.Build.0 = Debug|Any CPU
		{DAA8681B-E253-4377-8BFE-D5991359972D}.Release|Any CPU.ActiveCfg = Release|Any CPU
		{DAA8681B-E253-4377-8BFE-D5991359972D}.Release|Any CPU.Build.0 = Release|Any CPU
		{9BE80055-F6B2-4656-8C10-9FD377DCC4F3}.Debug|Any CPU.ActiveCfg = Debug|Any CPU
		{9BE80055-F6B2-4656-8C10-9FD377DCC4F3}.Debug|Any CPU.Build.0 = Debug|Any CPU
		{9BE80055-F6B2-4656-8C10-9FD377DCC4F3}.Release|Any CPU.ActiveCfg = Release|Any CPU
		{9BE80055-F6B2-4656-8C10-9FD377DCC4F3}.Release|Any CPU.Build.0 = Release|Any CPU
	EndGlobalSection
	GlobalSection(SolutionProperties) = preSolution
		HideSolutionNode = FALSE
	EndGlobalSection
EndGlobal
